// !$*UTF8*$!
{
	archiveVersion = 1;
	classes = {
	};
	objectVersion = 46;
	objects = {

/* Begin PBXBuildFile section */
		41F96E0F1BCB225600EE0F9A /* main.m in Sources */ = {isa = PBXBuildFile; fileRef = 41F96E0E1BCB225600EE0F9A /* main.m */; };
		41F96E121BCB225600EE0F9A /* AppDelegate.m in Sources */ = {isa = PBXBuildFile; fileRef = 41F96E111BCB225600EE0F9A /* AppDelegate.m */; };
		41F96E151BCB225600EE0F9A /* ViewController.m in Sources */ = {isa = PBXBuildFile; fileRef = 41F96E141BCB225600EE0F9A /* ViewController.m */; };
		41F96E181BCB225600EE0F9A /* Main.storyboard in Resources */ = {isa = PBXBuildFile; fileRef = 41F96E161BCB225600EE0F9A /* Main.storyboard */; };
		41F96E1A1BCB225600EE0F9A /* Assets.xcassets in Resources */ = {isa = PBXBuildFile; fileRef = 41F96E191BCB225600EE0F9A /* Assets.xcassets */; };
		41F96E1D1BCB225600EE0F9A /* LaunchScreen.storyboard in Resources */ = {isa = PBXBuildFile; fileRef = 41F96E1B1BCB225600EE0F9A /* LaunchScreen.storyboard */; };
/* End PBXBuildFile section */

/* Begin PBXFileReference section */
		41F96E0A1BCB225600EE0F9A /* BioPenVR.app */ = {isa = PBXFileReference; explicitFileType = wrapper.application; includeInIndex = 0; path = BioPenVR.app; sourceTree = BUILT_PRODUCTS_DIR; };
		41F96E0E1BCB225600EE0F9A /* main.m */ = {isa = PBXFileReference; lastKnownFileType = sourcecode.c.objc; path = main.m; sourceTree = "<group>"; };
		41F96E101BCB225600EE0F9A /* AppDelegate.h */ = {isa = PBXFileReference; lastKnownFileType = sourcecode.c.h; path = AppDelegate.h; sourceTree = "<group>"; };
		41F96E111BCB225600EE0F9A /* AppDelegate.m */ = {isa = PBXFileReference; lastKnownFileType = sourcecode.c.objc; path = AppDelegate.m; sourceTree = "<group>"; };
		41F96E131BCB225600EE0F9A /* ViewController.h */ = {isa = PBXFileReference; lastKnownFileType = sourcecode.c.h; path = ViewController.h; sourceTree = "<group>"; };
		41F96E141BCB225600EE0F9A /* ViewController.m */ = {isa = PBXFileReference; lastKnownFileType = sourcecode.c.objc; path = ViewController.m; sourceTree = "<group>"; };
		41F96E171BCB225600EE0F9A /* Base */ = {isa = PBXFileReference; lastKnownFileType = file.storyboard; name = Base; path = Base.lproj/Main.storyboard; sourceTree = "<group>"; };
		41F96E191BCB225600EE0F9A /* Assets.xcassets */ = {isa = PBXFileReference; lastKnownFileType = folder.assetcatalog; path = Assets.xcassets; sourceTree = "<group>"; };
		41F96E1C1BCB225600EE0F9A /* Base */ = {isa = PBXFileReference; lastKnownFileType = file.storyboard; name = Base; path = Base.lproj/LaunchScreen.storyboard; sourceTree = "<group>"; };
		41F96E1E1BCB225600EE0F9A /* Info.plist */ = {isa = PBXFileReference; lastKnownFileType = text.plist.xml; path = Info.plist; sourceTree = "<group>"; };
/* End PBXFileReference section */

/* Begin PBXFrameworksBuildPhase section */
		41F96E071BCB225600EE0F9A /* Frameworks */ = {
			isa = PBXFrameworksBuildPhase;
			buildActionMask = 2147483647;
			files = (
			);
			runOnlyForDeploymentPostprocessing = 0;
		};
/* End PBXFrameworksBuildPhase section */

/* Begin PBXGroup section */
		41F96E011BCB225600EE0F9A = {
			isa = PBXGroup;
			children = (
				41F96E0C1BCB225600EE0F9A /* BioPenVR */,
				41F96E0B1BCB225600EE0F9A /* Products */,
			);
			sourceTree = "<group>";
		};
		41F96E0B1BCB225600EE0F9A /* Products */ = {
			isa = PBXGroup;
			children = (
				41F96E0A1BCB225600EE0F9A /* BioPenVR.app */,
			);
			name = Products;
			sourceTree = "<group>";
		};
		41F96E0C1BCB225600EE0F9A /* BioPenVR */ = {
			isa = PBXGroup;
			children = (
				41F96E101BCB225600EE0F9A /* AppDelegate.h */,
				41F96E111BCB225600EE0F9A /* AppDelegate.m */,
				41F96E131BCB225600EE0F9A /* ViewController.h */,
				41F96E141BCB225600EE0F9A /* ViewController.m */,
				41F96E161BCB225600EE0F9A /* Main.storyboard */,
				41F96E191BCB225600EE0F9A /* Assets.xcassets */,
				41F96E1B1BCB225600EE0F9A /* LaunchScreen.storyboard */,
				41F96E1E1BCB225600EE0F9A /* Info.plist */,
				41F96E0D1BCB225600EE0F9A /* Supporting Files */,
			);
			path = BioPenVR;
			sourceTree = "<group>";
		};
		41F96E0D1BCB225600EE0F9A /* Supporting Files */ = {
			isa = PBXGroup;
			children = (
				41F96E0E1BCB225600EE0F9A /* main.m */,
			);
			name = "Supporting Files";
			sourceTree = "<group>";
		};
/* End PBXGroup section */

/* Begin PBXNativeTarget section */
		41F96E091BCB225600EE0F9A /* BioPenVR */ = {
			isa = PBXNativeTarget;
			buildConfigurationList = 41F96E211BCB225600EE0F9A /* Build configuration list for PBXNativeTarget "BioPenVR" */;
			buildPhases = (
				41F96E061BCB225600EE0F9A /* Sources */,
				41F96E071BCB225600EE0F9A /* Frameworks */,
				41F96E081BCB225600EE0F9A /* Resources */,
			);
			buildRules = (
			);
			dependencies = (
			);
			name = BioPenVR;
			productName = BioPenVR;
			productReference = 41F96E0A1BCB225600EE0F9A /* BioPenVR.app */;
			productType = "com.apple.product-type.application";
		};
/* End PBXNativeTarget section */

/* Begin PBXProject section */
		41F96E021BCB225600EE0F9A /* Project object */ = {
			isa = PBXProject;
			attributes = {
				LastUpgradeCheck = 0700;
				ORGANIZATIONNAME = OrbitusRobotics;
				TargetAttributes = {
					41F96E091BCB225600EE0F9A = {
						CreatedOnToolsVersion = 7.0;
					};
				};
			};
			buildConfigurationList = 41F96E051BCB225600EE0F9A /* Build configuration list for PBXProject "BioPenVR" */;
			compatibilityVersion = "Xcode 3.2";
			developmentRegion = English;
			hasScannedForEncodings = 0;
			knownRegions = (
				en,
				Base,
			);
			mainGroup = 41F96E011BCB225600EE0F9A;
			productRefGroup = 41F96E0B1BCB225600EE0F9A /* Products */;
			projectDirPath = "";
			projectRoot = "";
			targets = (
				41F96E091BCB225600EE0F9A /* BioPenVR */,
			);
		};
/* End PBXProject section */

/* Begin PBXResourcesBuildPhase section */
		41F96E081BCB225600EE0F9A /* Resources */ = {
			isa = PBXResourcesBuildPhase;
			buildActionMask = 2147483647;
			files = (
				41F96E1D1BCB225600EE0F9A /* LaunchScreen.storyboard in Resources */,
				41F96E1A1BCB225600EE0F9A /* Assets.xcassets in Resources */,
				41F96E181BCB225600EE0F9A /* Main.storyboard in Resources */,
			);
			runOnlyForDeploymentPostprocessing = 0;
		};
/* End PBXResourcesBuildPhase section */

/* Begin PBXSourcesBuildPhase section */
		41F96E061BCB225600EE0F9A /* Sources */ = {
			isa = PBXSourcesBuildPhase;
			buildActionMask = 2147483647;
			files = (
				41F96E151BCB225600EE0F9A /* ViewController.m in Sources */,
				41F96E121BCB225600EE0F9A /* AppDelegate.m in Sources */,
				41F96E0F1BCB225600EE0F9A /* main.m in Sources */,
			);
			runOnlyForDeploymentPostprocessing = 0;
		};
/* End PBXSourcesBuildPhase section */

/* Begin PBXVariantGroup section */
		41F96E161BCB225600EE0F9A /* Main.storyboard */ = {
			isa = PBXVariantGroup;
			children = (
				41F96E171BCB225600EE0F9A /* Base */,
			);
			name = Main.storyboard;
			sourceTree = "<group>";
		};
		41F96E1B1BCB225600EE0F9A /* LaunchScreen.storyboard */ = {
			isa = PBXVariantGroup;
			children = (
				41F96E1C1BCB225600EE0F9A /* Base */,
			);
			name = LaunchScreen.storyboard;
			sourceTree = "<group>";
		};
/* End PBXVariantGroup section */

/* Begin XCBuildConfiguration section */
		41F96E1F1BCB225600EE0F9A /* Debug */ = {
			isa = XCBuildConfiguration;
			buildSettings = {
				ALWAYS_SEARCH_USER_PATHS = NO;
				CLANG_CXX_LANGUAGE_STANDARD = "gnu++0x";
				CLANG_CXX_LIBRARY = "libc++";
				CLANG_ENABLE_MODULES = YES;
				CLANG_ENABLE_OBJC_ARC = YES;
				CLANG_WARN_BOOL_CONVERSION = YES;
				CLANG_WARN_CONSTANT_CONVERSION = YES;
				CLANG_WARN_DIRECT_OBJC_ISA_USAGE = YES_ERROR;
				CLANG_WARN_EMPTY_BODY = YES;
				CLANG_WARN_ENUM_CONVERSION = YES;
				CLANG_WARN_INT_CONVERSION = YES;
				CLANG_WARN_OBJC_ROOT_CLASS = YES_ERROR;
				CLANG_WARN_UNREACHABLE_CODE = YES;
				CLANG_WARN__DUPLICATE_METHOD_MATCH = YES;
				"CODE_SIGN_IDENTITY[sdk=iphoneos*]" = "iPhone Developer";
				COPY_PHASE_STRIP = NO;
				DEBUG_INFORMATION_FORMAT = dwarf;
				ENABLE_STRICT_OBJC_MSGSEND = YES;
				ENABLE_TESTABILITY = YES;
				GCC_C_LANGUAGE_STANDARD = gnu99;
				GCC_DYNAMIC_NO_PIC = NO;
				GCC_NO_COMMON_BLOCKS = YES;
				GCC_OPTIMIZATION_LEVEL = 0;
				GCC_PREPROCESSOR_DEFINITIONS = (
					"DEBUG=1",
					"$(inherited)",
				);
				GCC_WARN_64_TO_32_BIT_CONVERSION = YES;
				GCC_WARN_ABOUT_RETURN_TYPE = YES_ERROR;
				GCC_WARN_UNDECLARED_SELECTOR = YES;
				GCC_WARN_UNINITIALIZED_AUTOS = YES_AGGRESSIVE;
				GCC_WARN_UNUSED_FUNCTION = YES;
				GCC_WARN_UNUSED_VARIABLE = YES;
				IPHONEOS_DEPLOYMENT_TARGET = 9.0;
				MTL_ENABLE_DEBUG_INFO = YES;
				ONLY_ACTIVE_ARCH = YES;
				SDKROOT = iphoneos;
			};
			name = Debug;
		};
		41F96E201BCB225600EE0F9A /* Release */ = {
			isa = XCBuildConfiguration;
			buildSettings = {
				ALWAYS_SEARCH_USER_PATHS = NO;
				CLANG_CXX_LANGUAGE_STANDARD = "gnu++0x";
				CLANG_CXX_LIBRARY = "libc++";
				CLANG_ENABLE_MODULES = YES;
				CLANG_ENABLE_OBJC_ARC = YES;
				CLANG_WARN_BOOL_CONVERSION = YES;
				CLANG_WARN_CONSTANT_CONVERSION = YES;
				CLANG_WARN_DIRECT_OBJC_ISA_USAGE = YES_ERROR;
				CLANG_WARN_EMPTY_BODY = YES;
				CLANG_WARN_ENUM_CONVERSION = YES;
				CLANG_WARN_INT_CONVERSION = YES;
				CLANG_WARN_OBJC_ROOT_CLASS = YES_ERROR;
				CLANG_WARN_UNREACHABLE_CODE = YES;
				CLANG_WARN__DUPLICATE_METHOD_MATCH = YES;
				"CODE_SIGN_IDENTITY[sdk=iphoneos*]" = "iPhone Developer";
				COPY_PHASE_STRIP = NO;
				DEBUG_INFORMATION_FORMAT = "dwarf-with-dsym";
				ENABLE_NS_ASSERTIONS = NO;
				ENABLE_STRICT_OBJC_MSGSEND = YES;
				GCC_C_LANGUAGE_STANDARD = gnu99;
				GCC_NO_COMMON_BLOCKS = YES;
				GCC_WARN_64_TO_32_BIT_CONVERSION = YES;
				GCC_WARN_ABOUT_RETURN_TYPE = YES_ERROR;
				GCC_WARN_UNDECLARED_SELECTOR = YES;
				GCC_WARN_UNINITIALIZED_AUTOS = YES_AGGRESSIVE;
				GCC_WARN_UNUSED_FUNCTION = YES;
				GCC_WARN_UNUSED_VARIABLE = YES;
				IPHONEOS_DEPLOYMENT_TARGET = 9.0;
				MTL_ENABLE_DEBUG_INFO = NO;
				SDKROOT = iphoneos;
				VALIDATE_PRODUCT = YES;
			};
			name = Release;
		};
		41F96E221BCB225600EE0F9A /* Debug */ = {
			isa = XCBuildConfiguration;
			buildSettings = {
				ASSETCATALOG_COMPILER_APPICON_NAME = AppIcon;
				INFOPLIST_FILE = BioPenVR/Info.plist;
				LD_RUNPATH_SEARCH_PATHS = "$(inherited) @executable_path/Frameworks";
				PRODUCT_BUNDLE_IDENTIFIER = com.orbitusrobotics.BioPenVR;
				PRODUCT_NAME = "$(TARGET_NAME)";
			};
			name = Debug;
		};
		41F96E231BCB225600EE0F9A /* Release */ = {
			isa = XCBuildConfiguration;
			buildSettings = {
				ASSETCATALOG_COMPILER_APPICON_NAME = AppIcon;
				INFOPLIST_FILE = BioPenVR/Info.plist;
				LD_RUNPATH_SEARCH_PATHS = "$(inherited) @executable_path/Frameworks";
				PRODUCT_BUNDLE_IDENTIFIER = com.orbitusrobotics.BioPenVR;
				PRODUCT_NAME = "$(TARGET_NAME)";
			};
			name = Release;
		};
/* End XCBuildConfiguration section */

/* Begin XCConfigurationList section */
		41F96E051BCB225600EE0F9A /* Build configuration list for PBXProject "BioPenVR" */ = {
			isa = XCConfigurationList;
			buildConfigurations = (
				41F96E1F1BCB225600EE0F9A /* Debug */,
				41F96E201BCB225600EE0F9A /* Release */,
			);
			defaultConfigurationIsVisible = 0;
			defaultConfigurationName = Release;
		};
		41F96E211BCB225600EE0F9A /* Build configuration list for PBXNativeTarget "BioPenVR" */ = {
			isa = XCConfigurationList;
			buildConfigurations = (
				41F96E221BCB225600EE0F9A /* Debug */,
				41F96E231BCB225600EE0F9A /* Release */,
			);
			defaultConfigurationIsVisible = 0;
		};
/* End XCConfigurationList section */
	};
	rootObject = 41F96E021BCB225600EE0F9A /* Project object */;
}
